
Microsoft Visual Studio Solution File, Format Version 12.00
# Visual Studio Version 17
VisualStudioVersion = 17.10.35004.147
MinimumVisualStudioVersion = 10.0.40219.1
Project("{FAE04EC0-301F-11D3-BF4B-00C04F79EFBC}") = "BclTest.BclTypes", "BclTest.BclTypes\BclTest.BclTypes.csproj", "{73D54078-F91C-454E-8FD6-E203AB3A0BBE}"
EndProject
Project("{FAE04EC0-301F-11D3-BF4B-00C04F79EFBC}") = "NetFrameworkApp", "NetFrameworkApp\NetFrameworkApp.csproj", "{89A6BCC8-B36A-4CD9-9280-8246901A3DD0}"
EndProject
Project("{FAE04EC0-301F-11D3-BF4B-00C04F79EFBC}") = "CommonTypes", "CommonTypes\CommonTypes.csproj", "{FA1DD270-4492-4559-8B5D-A6FADA637819}"
EndProject
Project("{FAE04EC0-301F-11D3-BF4B-00C04F79EFBC}") = "NetEightApp", "NetEightApp\NetEightApp.csproj", "{ABCE9D23-0243-4BC6-A487-84A62D719874}"
EndProject
Project("{FAE04EC0-301F-11D3-BF4B-00C04F79EFBC}") = "TestProject1", "TestProject1\TestProject1.csproj", "{D019008D-8D01-4904-986E-789B17ECACE5}"
EndProject
Global
	GlobalSection(SolutionConfigurationPlatforms) = preSolution
		Debug|Any CPU = Debug|Any CPU
		Release|Any CPU = Release|Any CPU
	EndGlobalSection
	GlobalSection(ProjectConfigurationPlatforms) = postSolution
		{73D54078-F91C-454E-8FD6-E203AB3A0BBE}.Debug|Any CPU.ActiveCfg = Debug|Any CPU
		{73D54078-F91C-454E-8FD6-E203AB3A0BBE}.Debug|Any CPU.Build.0 = Debug|Any CPU
		{73D54078-F91C-454E-8FD6-E203AB3A0BBE}.Release|Any CPU.ActiveCfg = Release|Any CPU
		{73D54078-F91C-454E-8FD6-E203AB3A0BBE}.Release|Any CPU.Build.0 = Release|Any CPU
		{89A6BCC8-B36A-4CD9-9280-8246901A3DD0}.Debug|Any CPU.ActiveCfg = Debug|Any CPU
		{89A6BCC8-B36A-4CD9-9280-8246901A3DD0}.Debug|Any CPU.Build.0 = Debug|Any CPU
		{89A6BCC8-B36A-4CD9-9280-8246901A3DD0}.Release|Any CPU.ActiveCfg = Release|Any CPU
		{89A6BCC8-B36A-4CD9-9280-8246901A3DD0}.Release|Any CPU.Build.0 = Release|Any CPU
		{FA1DD270-4492-4559-8B5D-A6FADA637819}.Debug|Any CPU.ActiveCfg = Debug|Any CPU
		{FA1DD270-4492-4559-8B5D-A6FADA637819}.Debug|Any CPU.Build.0 = Debug|Any CPU
		{FA1DD270-4492-4559-8B5D-A6FADA637819}.Release|Any CPU.ActiveCfg = Release|Any CPU
		{FA1DD270-4492-4559-8B5D-A6FADA637819}.Release|Any CPU.Build.0 = Release|Any CPU
		{ABCE9D23-0243-4BC6-A487-84A62D719874}.Debug|Any CPU.ActiveCfg = Debug|Any CPU
		{ABCE9D23-0243-4BC6-A487-84A62D719874}.Debug|Any CPU.Build.0 = Debug|Any CPU
		{ABCE9D23-0243-4BC6-A487-84A62D719874}.Release|Any CPU.ActiveCfg = Release|Any CPU
		{ABCE9D23-0243-4BC6-A487-84A62D719874}.Release|Any CPU.Build.0 = Release|Any CPU
		{D019008D-8D01-4904-986E-789B17ECACE5}.Debug|Any CPU.ActiveCfg = Debug|Any CPU
		{D019008D-8D01-4904-986E-789B17ECACE5}.Debug|Any CPU.Build.0 = Debug|Any CPU
		{D019008D-8D01-4904-986E-789B17ECACE5}.Release|Any CPU.ActiveCfg = Release|Any CPU
		{D019008D-8D01-4904-986E-789B17ECACE5}.Release|Any CPU.Build.0 = Release|Any CPU
	EndGlobalSection
	GlobalSection(SolutionProperties) = preSolution
		HideSolutionNode = FALSE
	EndGlobalSection
	GlobalSection(ExtensibilityGlobals) = postSolution
		SolutionGuid = {E16C5D7F-3F02-44EA-8397-69CDFAFA327C}
	EndGlobalSection
EndGlobal
